{
  "name": "stocks-advisor-functions",
  "version": "1.0.0",
  "lockfileVersion": 2,
  "requires": true,
  "packages": {
    "": {
      "name": "stocks-advisor-functions",
      "version": "1.0.0",
      "dependencies": {
        "@types/node": "16.11.7",
        "child_process": "1.0.2"
      },
      "devDependencies": {
        "npm-force-resolutions": "0.0.10"
      },
      "engines": {
        "node": "16.x",
        "python": "3.9.18"
      }
    },
    "node_modules/@types/node": {
      "version": "16.11.7",
      "resolved": "https://registry.npmjs.org/@types/node/-/node-16.11.7.tgz",
      "integrity": "sha512-QB5D2sqfSjCmTuWcBWyJ+/44bcjO7VYlgk6HkFbfDL1PqduF1bfNeqoKwBW0V9MF5kBKv5G5JgN7+IwJXuC8dg=="
    },
    "node_modules/child_process": {
      "version": "1.0.2",
      "resolved": "https://registry.npmjs.org/child_process/-/child_process-1.0.2.tgz",
      "integrity": "sha512-Wmza/JzL0SiWz7kl6MhIKT5ceIlnFPJX+lwUGj7Clhy5MMldsSoJR0+uvRzOS5Kv45Mq7t1PoE8TsOA9bzvb6g=="
    },
    "node_modules/npm-force-resolutions": {
      "version": "0.0.10",
      "resolved": "https://registry.npmjs.org/npm-force-resolutions/-/npm-force-resolutions-0.0.10.tgz",
      "integrity": "sha512-32TxO3RKEjGcJ6NIZlCppiUv+TsW2ALQ4E6MZs6CG9G+7kU3Ks0bDnv5Ohm8N0v1Ug6Xz+h0QfGxwFGisH5J6Q==",
      "dev": true
    }
  },
  "dependencies": {
    "@types/node": {
      "version": "16.11.7",
      "resolved": "https://registry.npmjs.org/@types/node/-/node-16.11.7.tgz",
      "integrity": "sha512-QB5D2sqfSjCmTuWcBWyJ+/44bcjO7VYlgk6HkFbfDL1PqduF1bfNeqoKwBW0V9MF5kBKv5G5JgN7+IwJXuC8dg=="
    },
    "child_process": {
      "version": "1.0.2",
      "resolved": "https://registry.npmjs.org/child_process/-/child_process-1.0.2.tgz",
      "integrity": "sha512-Wmza/JzL0SiWz7kl6MhIKT5ceIlnFPJX+lwUGj7Clhy5MMldsSoJR0+uvRzOS5Kv45Mq7t1PoE8TsOA9bzvb6g=="
    },
    "npm-force-resolutions": {
      "version": "0.0.10",
      "resolved": "https://registry.npmjs.org/npm-force-resolutions/-/npm-force-resolutions-0.0.10.tgz",
      "integrity": "sha512-32TxO3RKEjGcJ6NIZlCppiUv+TsW2ALQ4E6MZs6CG9G+7kU3Ks0bDnv5Ohm8N0v1Ug6Xz+h0QfGxwFGisH5J6Q==",
      "dev": true
    }
  }
}